// !$*UTF8*$!
{
	archiveVersion = 1;
	classes = {
	};
	objectVersion = 46;
	objects = {

/* Begin PBXBuildFile section */
		B3655F08189ABB1C0029A94C /* Foundation.framework in Frameworks */ = {isa = PBXBuildFile; fileRef = B3655F07189ABB1C0029A94C /* Foundation.framework */; };
		B3655F0A189ABB1C0029A94C /* CoreGraphics.framework in Frameworks */ = {isa = PBXBuildFile; fileRef = B3655F09189ABB1C0029A94C /* CoreGraphics.framework */; };
		B3655F0C189ABB1C0029A94C /* UIKit.framework in Frameworks */ = {isa = PBXBuildFile; fileRef = B3655F0B189ABB1C0029A94C /* UIKit.framework */; };
		B3655F12189ABB1C0029A94C /* InfoPlist.strings in Resources */ = {isa = PBXBuildFile; fileRef = B3655F10189ABB1C0029A94C /* InfoPlist.strings */; };
		B3655F14189ABB1C0029A94C /* main.m in Sources */ = {isa = PBXBuildFile; fileRef = B3655F13189ABB1C0029A94C /* main.m */; };
		B3655F18189ABB1C0029A94C /* AppDelegate.m in Sources */ = {isa = PBXBuildFile; fileRef = B3655F17189ABB1C0029A94C /* AppDelegate.m */; };
		B3655F1B189ABB1C0029A94C /* Main.storyboard in Resources */ = {isa = PBXBuildFile; fileRef = B3655F19189ABB1C0029A94C /* Main.storyboard */; };
		B3655F20189ABB1C0029A94C /* Images.xcassets in Resources */ = {isa = PBXBuildFile; fileRef = B3655F1F189ABB1C0029A94C /* Images.xcassets */; };
		B3655F27189ABB1C0029A94C /* XCTest.framework in Frameworks */ = {isa = PBXBuildFile; fileRef = B3655F26189ABB1C0029A94C /* XCTest.framework */; };
		B3655F28189ABB1C0029A94C /* Foundation.framework in Frameworks */ = {isa = PBXBuildFile; fileRef = B3655F07189ABB1C0029A94C /* Foundation.framework */; };
		B3655F29189ABB1C0029A94C /* UIKit.framework in Frameworks */ = {isa = PBXBuildFile; fileRef = B3655F0B189ABB1C0029A94C /* UIKit.framework */; };
		B3655F31189ABB1C0029A94C /* InfoPlist.strings in Resources */ = {isa = PBXBuildFile; fileRef = B3655F2F189ABB1C0029A94C /* InfoPlist.strings */; };
		B3655F33189ABB1C0029A94C /* MariMediaAssignmentTests.m in Sources */ = {isa = PBXBuildFile; fileRef = B3655F32189ABB1C0029A94C /* MariMediaAssignmentTests.m */; };
		B3655F3F189AC5020029A94C /* RegisterationViewController.m in Sources */ = {isa = PBXBuildFile; fileRef = B3655F3E189AC5020029A94C /* RegisterationViewController.m */; };
		B3655F42189AC5190029A94C /* TasksViewController.m in Sources */ = {isa = PBXBuildFile; fileRef = B3655F41189AC5190029A94C /* TasksViewController.m */; };
		B3655F46189AC9A10029A94C /* TaskCell.m in Sources */ = {isa = PBXBuildFile; fileRef = B3655F45189AC9A10029A94C /* TaskCell.m */; };
		B3655F4B189AC9D80029A94C /* CategoryView.m in Sources */ = {isa = PBXBuildFile; fileRef = B3655F4A189AC9D80029A94C /* CategoryView.m */; };
		B3655F4F189ACA1F0029A94C /* DataBaseManager.m in Sources */ = {isa = PBXBuildFile; fileRef = B3655F4E189ACA1F0029A94C /* DataBaseManager.m */; };
		B3655F74189ACE3E0029A94C /* TaskModel.xcdatamodeld in Sources */ = {isa = PBXBuildFile; fileRef = B3655F72189ACE3E0029A94C /* TaskModel.xcdatamodeld */; };
		B3655F83189ACF340029A94C /* Tasks.m in Sources */ = {isa = PBXBuildFile; fileRef = B3655F82189ACF340029A94C /* Tasks.m */; };
		B3655F86189ACF350029A94C /* TasksCategory.m in Sources */ = {isa = PBXBuildFile; fileRef = B3655F85189ACF350029A94C /* TasksCategory.m */; };
		B3655F88189AD0120029A94C /* CategoryView.xib in Resources */ = {isa = PBXBuildFile; fileRef = B3655F87189AD0120029A94C /* CategoryView.xib */; };
		B3655F90189AD4AB0029A94C /* NSDate+Calculation.m in Sources */ = {isa = PBXBuildFile; fileRef = B3655F8B189AD4AB0029A94C /* NSDate+Calculation.m */; };
		B3655F91189AD4AB0029A94C /* NSString+Dates.m in Sources */ = {isa = PBXBuildFile; fileRef = B3655F8D189AD4AB0029A94C /* NSString+Dates.m */; };
		B3655F92189AD4AB0029A94C /* UIColor+RGB.m in Sources */ = {isa = PBXBuildFile; fileRef = B3655F8F189AD4AB0029A94C /* UIColor+RGB.m */; };
/* End PBXBuildFile section */

/* Begin PBXContainerItemProxy section */
		B3655F2A189ABB1C0029A94C /* PBXContainerItemProxy */ = {
			isa = PBXContainerItemProxy;
			containerPortal = B3655EFC189ABB1C0029A94C /* Project object */;
			proxyType = 1;
			remoteGlobalIDString = B3655F03189ABB1C0029A94C;
			remoteInfo = MariMediaAssignment;
		};
/* End PBXContainerItemProxy section */

/* Begin PBXFileReference section */
		B3655F04189ABB1C0029A94C /* MariMediaAssignment.app */ = {isa = PBXFileReference; explicitFileType = wrapper.application; includeInIndex = 0; path = MariMediaAssignment.app; sourceTree = BUILT_PRODUCTS_DIR; };
		B3655F07189ABB1C0029A94C /* Foundation.framework */ = {isa = PBXFileReference; lastKnownFileType = wrapper.framework; name = Foundation.framework; path = System/Library/Frameworks/Foundation.framework; sourceTree = SDKROOT; };
		B3655F09189ABB1C0029A94C /* CoreGraphics.framework */ = {isa = PBXFileReference; lastKnownFileType = wrapper.framework; name = CoreGraphics.framework; path = System/Library/Frameworks/CoreGraphics.framework; sourceTree = SDKROOT; };
		B3655F0B189ABB1C0029A94C /* UIKit.framework */ = {isa = PBXFileReference; lastKnownFileType = wrapper.framework; name = UIKit.framework; path = System/Library/Frameworks/UIKit.framework; sourceTree = SDKROOT; };
		B3655F0F189ABB1C0029A94C /* MariMediaAssignment-Info.plist */ = {isa = PBXFileReference; lastKnownFileType = text.plist.xml; path = "MariMediaAssignment-Info.plist"; sourceTree = "<group>"; };
		B3655F11189ABB1C0029A94C /* en */ = {isa = PBXFileReference; lastKnownFileType = text.plist.strings; name = en; path = en.lproj/InfoPlist.strings; sourceTree = "<group>"; };
		B3655F13189ABB1C0029A94C /* main.m */ = {isa = PBXFileReference; lastKnownFileType = sourcecode.c.objc; path = main.m; sourceTree = "<group>"; };
		B3655F15189ABB1C0029A94C /* MariMediaAssignment-Prefix.pch */ = {isa = PBXFileReference; lastKnownFileType = sourcecode.c.h; path = "MariMediaAssignment-Prefix.pch"; sourceTree = "<group>"; };
		B3655F16189ABB1C0029A94C /* AppDelegate.h */ = {isa = PBXFileReference; lastKnownFileType = sourcecode.c.h; path = AppDelegate.h; sourceTree = "<group>"; };
		B3655F17189ABB1C0029A94C /* AppDelegate.m */ = {isa = PBXFileReference; lastKnownFileType = sourcecode.c.objc; path = AppDelegate.m; sourceTree = "<group>"; };
		B3655F1A189ABB1C0029A94C /* Base */ = {isa = PBXFileReference; lastKnownFileType = file.storyboard; name = Base; path = Base.lproj/Main.storyboard; sourceTree = "<group>"; };
		B3655F1F189ABB1C0029A94C /* Images.xcassets */ = {isa = PBXFileReference; lastKnownFileType = folder.assetcatalog; path = Images.xcassets; sourceTree = "<group>"; };
		B3655F25189ABB1C0029A94C /* MariMediaAssignmentTests.xctest */ = {isa = PBXFileReference; explicitFileType = wrapper.cfbundle; includeInIndex = 0; path = MariMediaAssignmentTests.xctest; sourceTree = BUILT_PRODUCTS_DIR; };
		B3655F26189ABB1C0029A94C /* XCTest.framework */ = {isa = PBXFileReference; lastKnownFileType = wrapper.framework; name = XCTest.framework; path = Library/Frameworks/XCTest.framework; sourceTree = DEVELOPER_DIR; };
		B3655F2E189ABB1C0029A94C /* MariMediaAssignmentTests-Info.plist */ = {isa = PBXFileReference; lastKnownFileType = text.plist.xml; path = "MariMediaAssignmentTests-Info.plist"; sourceTree = "<group>"; };
		B3655F30189ABB1C0029A94C /* en */ = {isa = PBXFileReference; lastKnownFileType = text.plist.strings; name = en; path = en.lproj/InfoPlist.strings; sourceTree = "<group>"; };
		B3655F32189ABB1C0029A94C /* MariMediaAssignmentTests.m */ = {isa = PBXFileReference; lastKnownFileType = sourcecode.c.objc; path = MariMediaAssignmentTests.m; sourceTree = "<group>"; };
		B3655F3D189AC5020029A94C /* RegisterationViewController.h */ = {isa = PBXFileReference; fileEncoding = 4; lastKnownFileType = sourcecode.c.h; path = RegisterationViewController.h; sourceTree = "<group>"; };
		B3655F3E189AC5020029A94C /* RegisterationViewController.m */ = {isa = PBXFileReference; fileEncoding = 4; lastKnownFileType = sourcecode.c.objc; path = RegisterationViewController.m; sourceTree = "<group>"; };
		B3655F40189AC5190029A94C /* TasksViewController.h */ = {isa = PBXFileReference; fileEncoding = 4; lastKnownFileType = sourcecode.c.h; path = TasksViewController.h; sourceTree = "<group>"; };
		B3655F41189AC5190029A94C /* TasksViewController.m */ = {isa = PBXFileReference; fileEncoding = 4; lastKnownFileType = sourcecode.c.objc; path = TasksViewController.m; sourceTree = "<group>"; };
		B3655F44189AC9A10029A94C /* TaskCell.h */ = {isa = PBXFileReference; fileEncoding = 4; lastKnownFileType = sourcecode.c.h; path = TaskCell.h; sourceTree = "<group>"; };
		B3655F45189AC9A10029A94C /* TaskCell.m */ = {isa = PBXFileReference; fileEncoding = 4; lastKnownFileType = sourcecode.c.objc; path = TaskCell.m; sourceTree = "<group>"; };
		B3655F49189AC9D80029A94C /* CategoryView.h */ = {isa = PBXFileReference; fileEncoding = 4; lastKnownFileType = sourcecode.c.h; path = CategoryView.h; sourceTree = "<group>"; };
		B3655F4A189AC9D80029A94C /* CategoryView.m */ = {isa = PBXFileReference; fileEncoding = 4; lastKnownFileType = sourcecode.c.objc; path = CategoryView.m; sourceTree = "<group>"; };
		B3655F4D189ACA1F0029A94C /* DataBaseManager.h */ = {isa = PBXFileReference; fileEncoding = 4; lastKnownFileType = sourcecode.c.h; path = DataBaseManager.h; sourceTree = "<group>"; };
		B3655F4E189ACA1F0029A94C /* DataBaseManager.m */ = {isa = PBXFileReference; fileEncoding = 4; lastKnownFileType = sourcecode.c.objc; path = DataBaseManager.m; sourceTree = "<group>"; };
		B3655F73189ACE3E0029A94C /* TaskModel.xcdatamodel */ = {isa = PBXFileReference; lastKnownFileType = wrapper.xcdatamodel; path = TaskModel.xcdatamodel; sourceTree = "<group>"; };
		B3655F81189ACF340029A94C /* Tasks.h */ = {isa = PBXFileReference; fileEncoding = 4; lastKnownFileType = sourcecode.c.h; path = Tasks.h; sourceTree = "<group>"; };
		B3655F82189ACF340029A94C /* Tasks.m */ = {isa = PBXFileReference; fileEncoding = 4; lastKnownFileType = sourcecode.c.objc; path = Tasks.m; sourceTree = "<group>"; };
		B3655F84189ACF350029A94C /* TasksCategory.h */ = {isa = PBXFileReference; fileEncoding = 4; lastKnownFileType = sourcecode.c.h; path = TasksCategory.h; sourceTree = "<group>"; };
		B3655F85189ACF350029A94C /* TasksCategory.m */ = {isa = PBXFileReference; fileEncoding = 4; lastKnownFileType = sourcecode.c.objc; path = TasksCategory.m; sourceTree = "<group>"; };
		B3655F87189AD0120029A94C /* CategoryView.xib */ = {isa = PBXFileReference; fileEncoding = 4; lastKnownFileType = file.xib; path = CategoryView.xib; sourceTree = "<group>"; };
		B3655F8A189AD4AB0029A94C /* NSDate+Calculation.h */ = {isa = PBXFileReference; fileEncoding = 4; lastKnownFileType = sourcecode.c.h; path = "NSDate+Calculation.h"; sourceTree = "<group>"; };
		B3655F8B189AD4AB0029A94C /* NSDate+Calculation.m */ = {isa = PBXFileReference; fileEncoding = 4; lastKnownFileType = sourcecode.c.objc; path = "NSDate+Calculation.m"; sourceTree = "<group>"; };
		B3655F8C189AD4AB0029A94C /* NSString+Dates.h */ = {isa = PBXFileReference; fileEncoding = 4; lastKnownFileType = sourcecode.c.h; path = "NSString+Dates.h"; sourceTree = "<group>"; };
		B3655F8D189AD4AB0029A94C /* NSString+Dates.m */ = {isa = PBXFileReference; fileEncoding = 4; lastKnownFileType = sourcecode.c.objc; path = "NSString+Dates.m"; sourceTree = "<group>"; };
		B3655F8E189AD4AB0029A94C /* UIColor+RGB.h */ = {isa = PBXFileReference; fileEncoding = 4; lastKnownFileType = sourcecode.c.h; path = "UIColor+RGB.h"; sourceTree = "<group>"; };
		B3655F8F189AD4AB0029A94C /* UIColor+RGB.m */ = {isa = PBXFileReference; fileEncoding = 4; lastKnownFileType = sourcecode.c.objc; path = "UIColor+RGB.m"; sourceTree = "<group>"; };
/* End PBXFileReference section */

/* Begin PBXFrameworksBuildPhase section */
		B3655F01189ABB1C0029A94C /* Frameworks */ = {
			isa = PBXFrameworksBuildPhase;
			buildActionMask = 2147483647;
			files = (
				B3655F0A189ABB1C0029A94C /* CoreGraphics.framework in Frameworks */,
				B3655F0C189ABB1C0029A94C /* UIKit.framework in Frameworks */,
				B3655F08189ABB1C0029A94C /* Foundation.framework in Frameworks */,
			);
			runOnlyForDeploymentPostprocessing = 0;
		};
		B3655F22189ABB1C0029A94C /* Frameworks */ = {
			isa = PBXFrameworksBuildPhase;
			buildActionMask = 2147483647;
			files = (
				B3655F27189ABB1C0029A94C /* XCTest.framework in Frameworks */,
				B3655F29189ABB1C0029A94C /* UIKit.framework in Frameworks */,
				B3655F28189ABB1C0029A94C /* Foundation.framework in Frameworks */,
			);
			runOnlyForDeploymentPostprocessing = 0;
		};
/* End PBXFrameworksBuildPhase section */

/* Begin PBXGroup section */
		B3655EFB189ABB1C0029A94C = {
			isa = PBXGroup;
			children = (
				B3655F0D189ABB1C0029A94C /* MariMediaAssignment */,
				B3655F2C189ABB1C0029A94C /* MariMediaAssignmentTests */,
				B3655F06189ABB1C0029A94C /* Frameworks */,
				B3655F05189ABB1C0029A94C /* Products */,
			);
			sourceTree = "<group>";
		};
		B3655F05189ABB1C0029A94C /* Products */ = {
			isa = PBXGroup;
			children = (
				B3655F04189ABB1C0029A94C /* MariMediaAssignment.app */,
				B3655F25189ABB1C0029A94C /* MariMediaAssignmentTests.xctest */,
			);
			name = Products;
			sourceTree = "<group>";
		};
		B3655F06189ABB1C0029A94C /* Frameworks */ = {
			isa = PBXGroup;
			children = (
				B3655F07189ABB1C0029A94C /* Foundation.framework */,
				B3655F09189ABB1C0029A94C /* CoreGraphics.framework */,
				B3655F0B189ABB1C0029A94C /* UIKit.framework */,
				B3655F26189ABB1C0029A94C /* XCTest.framework */,
			);
			name = Frameworks;
			sourceTree = "<group>";
		};
		B3655F0D189ABB1C0029A94C /* MariMediaAssignment */ = {
			isa = PBXGroup;
			children = (
				B3655F89189AD4A00029A94C /* Utilities */,
				B3655F50189ACA3B0029A94C /* DataBase */,
				B3655F4C189ACA050029A94C /* Managers */,
				B3655F43189AC9780029A94C /* Views */,
				B3655F3C189ABF100029A94C /* ViewControllers */,
				B3655F16189ABB1C0029A94C /* AppDelegate.h */,
				B3655F17189ABB1C0029A94C /* AppDelegate.m */,
				B3655F19189ABB1C0029A94C /* Main.storyboard */,
				B3655F1F189ABB1C0029A94C /* Images.xcassets */,
				B3655F0E189ABB1C0029A94C /* Supporting Files */,
			);
			path = MariMediaAssignment;
			sourceTree = "<group>";
		};
		B3655F0E189ABB1C0029A94C /* Supporting Files */ = {
			isa = PBXGroup;
			children = (
				B3655F0F189ABB1C0029A94C /* MariMediaAssignment-Info.plist */,
				B3655F10189ABB1C0029A94C /* InfoPlist.strings */,
				B3655F13189ABB1C0029A94C /* main.m */,
				B3655F15189ABB1C0029A94C /* MariMediaAssignment-Prefix.pch */,
			);
			name = "Supporting Files";
			sourceTree = "<group>";
		};
		B3655F2C189ABB1C0029A94C /* MariMediaAssignmentTests */ = {
			isa = PBXGroup;
			children = (
				B3655F32189ABB1C0029A94C /* MariMediaAssignmentTests.m */,
				B3655F2D189ABB1C0029A94C /* Supporting Files */,
			);
			path = MariMediaAssignmentTests;
			sourceTree = "<group>";
		};
		B3655F2D189ABB1C0029A94C /* Supporting Files */ = {
			isa = PBXGroup;
			children = (
				B3655F2E189ABB1C0029A94C /* MariMediaAssignmentTests-Info.plist */,
				B3655F2F189ABB1C0029A94C /* InfoPlist.strings */,
			);
			name = "Supporting Files";
			sourceTree = "<group>";
		};
		B3655F3C189ABF100029A94C /* ViewControllers */ = {
			isa = PBXGroup;
			children = (
				B3655F3D189AC5020029A94C /* RegisterationViewController.h */,
				B3655F3E189AC5020029A94C /* RegisterationViewController.m */,
				B3655F40189AC5190029A94C /* TasksViewController.h */,
				B3655F41189AC5190029A94C /* TasksViewController.m */,
			);
			name = ViewControllers;
			sourceTree = "<group>";
		};
		B3655F43189AC9780029A94C /* Views */ = {
			isa = PBXGroup;
			children = (
				B3655F48189AC9B80029A94C /* CategoryView */,
				B3655F47189AC9AC0029A94C /* TaskCell */,
			);
			name = Views;
			sourceTree = "<group>";
		};
		B3655F47189AC9AC0029A94C /* TaskCell */ = {
			isa = PBXGroup;
			children = (
				B3655F44189AC9A10029A94C /* TaskCell.h */,
				B3655F45189AC9A10029A94C /* TaskCell.m */,
			);
			name = TaskCell;
			sourceTree = "<group>";
		};
		B3655F48189AC9B80029A94C /* CategoryView */ = {
			isa = PBXGroup;
			children = (
				B3655F49189AC9D80029A94C /* CategoryView.h */,
				B3655F4A189AC9D80029A94C /* CategoryView.m */,
				B3655F87189AD0120029A94C /* CategoryView.xib */,
			);
			name = CategoryView;
			sourceTree = "<group>";
		};
		B3655F4C189ACA050029A94C /* Managers */ = {
			isa = PBXGroup;
			children = (
				B3655F4D189ACA1F0029A94C /* DataBaseManager.h */,
				B3655F4E189ACA1F0029A94C /* DataBaseManager.m */,
			);
			name = Managers;
			sourceTree = "<group>";
		};
		B3655F50189ACA3B0029A94C /* DataBase */ = {
			isa = PBXGroup;
			children = (
				B3655F72189ACE3E0029A94C /* TaskModel.xcdatamodeld */,
				B3655F81189ACF340029A94C /* Tasks.h */,
				B3655F82189ACF340029A94C /* Tasks.m */,
				B3655F84189ACF350029A94C /* TasksCategory.h */,
				B3655F85189ACF350029A94C /* TasksCategory.m */,
			);
			name = DataBase;
			sourceTree = "<group>";
		};
		B3655F89189AD4A00029A94C /* Utilities */ = {
			isa = PBXGroup;
			children = (
				B3655F8A189AD4AB0029A94C /* NSDate+Calculation.h */,
				B3655F8B189AD4AB0029A94C /* NSDate+Calculation.m */,
				B3655F8C189AD4AB0029A94C /* NSString+Dates.h */,
				B3655F8D189AD4AB0029A94C /* NSString+Dates.m */,
				B3655F8E189AD4AB0029A94C /* UIColor+RGB.h */,
				B3655F8F189AD4AB0029A94C /* UIColor+RGB.m */,
			);
			name = Utilities;
			sourceTree = "<group>";
		};
/* End PBXGroup section */

/* Begin PBXNativeTarget section */
		B3655F03189ABB1C0029A94C /* MariMediaAssignment */ = {
			isa = PBXNativeTarget;
			buildConfigurationList = B3655F36189ABB1C0029A94C /* Build configuration list for PBXNativeTarget "MariMediaAssignment" */;
			buildPhases = (
				B3655F00189ABB1C0029A94C /* Sources */,
				B3655F01189ABB1C0029A94C /* Frameworks */,
				B3655F02189ABB1C0029A94C /* Resources */,
			);
			buildRules = (
			);
			dependencies = (
			);
			name = MariMediaAssignment;
			productName = MariMediaAssignment;
			productReference = B3655F04189ABB1C0029A94C /* MariMediaAssignment.app */;
			productType = "com.apple.product-type.application";
		};
		B3655F24189ABB1C0029A94C /* MariMediaAssignmentTests */ = {
			isa = PBXNativeTarget;
			buildConfigurationList = B3655F39189ABB1C0029A94C /* Build configuration list for PBXNativeTarget "MariMediaAssignmentTests" */;
			buildPhases = (
				B3655F21189ABB1C0029A94C /* Sources */,
				B3655F22189ABB1C0029A94C /* Frameworks */,
				B3655F23189ABB1C0029A94C /* Resources */,
			);
			buildRules = (
			);
			dependencies = (
				B3655F2B189ABB1C0029A94C /* PBXTargetDependency */,
			);
			name = MariMediaAssignmentTests;
			productName = MariMediaAssignmentTests;
			productReference = B3655F25189ABB1C0029A94C /* MariMediaAssignmentTests.xctest */;
			productType = "com.apple.product-type.bundle.unit-test";
		};
/* End PBXNativeTarget section */

/* Begin PBXProject section */
		B3655EFC189ABB1C0029A94C /* Project object */ = {
			isa = PBXProject;
			attributes = {
				LastUpgradeCheck = 0500;
				ORGANIZATIONNAME = "Nissim Pardo";
				TargetAttributes = {
					B3655F24189ABB1C0029A94C = {
						TestTargetID = B3655F03189ABB1C0029A94C;
					};
				};
			};
			buildConfigurationList = B3655EFF189ABB1C0029A94C /* Build configuration list for PBXProject "MariMediaAssignment" */;
			compatibilityVersion = "Xcode 3.2";
			developmentRegion = English;
			hasScannedForEncodings = 0;
			knownRegions = (
				en,
				Base,
			);
			mainGroup = B3655EFB189ABB1C0029A94C;
			productRefGroup = B3655F05189ABB1C0029A94C /* Products */;
			projectDirPath = "";
			projectRoot = "";
			targets = (
				B3655F03189ABB1C0029A94C /* MariMediaAssignment */,
				B3655F24189ABB1C0029A94C /* MariMediaAssignmentTests */,
			);
		};
/* End PBXProject section */

/* Begin PBXResourcesBuildPhase section */
		B3655F02189ABB1C0029A94C /* Resources */ = {
			isa = PBXResourcesBuildPhase;
			buildActionMask = 2147483647;
			files = (
				B3655F20189ABB1C0029A94C /* Images.xcassets in Resources */,
				B3655F12189ABB1C0029A94C /* InfoPlist.strings in Resources */,
				B3655F88189AD0120029A94C /* CategoryView.xib in Resources */,
				B3655F1B189ABB1C0029A94C /* Main.storyboard in Resources */,
			);
			runOnlyForDeploymentPostprocessing = 0;
		};
		B3655F23189ABB1C0029A94C /* Resources */ = {
			isa = PBXResourcesBuildPhase;
			buildActionMask = 2147483647;
			files = (
				B3655F31189ABB1C0029A94C /* InfoPlist.strings in Resources */,
			);
			runOnlyForDeploymentPostprocessing = 0;
		};
/* End PBXResourcesBuildPhase section */

/* Begin PBXSourcesBuildPhase section */
		B3655F00189ABB1C0029A94C /* Sources */ = {
			isa = PBXSourcesBuildPhase;
			buildActionMask = 2147483647;
			files = (
				B3655F86189ACF350029A94C /* TasksCategory.m in Sources */,
				B3655F18189ABB1C0029A94C /* AppDelegate.m in Sources */,
				B3655F42189AC5190029A94C /* TasksViewController.m in Sources */,
				B3655F91189AD4AB0029A94C /* NSString+Dates.m in Sources */,
				B3655F74189ACE3E0029A94C /* TaskModel.xcdatamodeld in Sources */,
				B3655F46189AC9A10029A94C /* TaskCell.m in Sources */,
				B3655F14189ABB1C0029A94C /* main.m in Sources */,
				B3655F4F189ACA1F0029A94C /* DataBaseManager.m in Sources */,
				B3655F92189AD4AB0029A94C /* UIColor+RGB.m in Sources */,
				B3655F4B189AC9D80029A94C /* CategoryView.m in Sources */,
				B3655F83189ACF340029A94C /* Tasks.m in Sources */,
				B3655F90189AD4AB0029A94C /* NSDate+Calculation.m in Sources */,
				B3655F3F189AC5020029A94C /* RegisterationViewController.m in Sources */,
			);
			runOnlyForDeploymentPostprocessing = 0;
		};
		B3655F21189ABB1C0029A94C /* Sources */ = {
			isa = PBXSourcesBuildPhase;
			buildActionMask = 2147483647;
			files = (
				B3655F33189ABB1C0029A94C /* MariMediaAssignmentTests.m in Sources */,
			);
			runOnlyForDeploymentPostprocessing = 0;
		};
/* End PBXSourcesBuildPhase section */

/* Begin PBXTargetDependency section */
		B3655F2B189ABB1C0029A94C /* PBXTargetDependency */ = {
			isa = PBXTargetDependency;
			target = B3655F03189ABB1C0029A94C /* MariMediaAssignment */;
			targetProxy = B3655F2A189ABB1C0029A94C /* PBXContainerItemProxy */;
		};
/* End PBXTargetDependency section */

/* Begin PBXVariantGroup section */
		B3655F10189ABB1C0029A94C /* InfoPlist.strings */ = {
			isa = PBXVariantGroup;
			children = (
				B3655F11189ABB1C0029A94C /* en */,
			);
			name = InfoPlist.strings;
			sourceTree = "<group>";
		};
		B3655F19189ABB1C0029A94C /* Main.storyboard */ = {
			isa = PBXVariantGroup;
			children = (
				B3655F1A189ABB1C0029A94C /* Base */,
			);
			name = Main.storyboard;
			sourceTree = "<group>";
		};
		B3655F2F189ABB1C0029A94C /* InfoPlist.strings */ = {
			isa = PBXVariantGroup;
			children = (
				B3655F30189ABB1C0029A94C /* en */,
			);
			name = InfoPlist.strings;
			sourceTree = "<group>";
		};
/* End PBXVariantGroup section */

/* Begin XCBuildConfiguration section */
		B3655F34189ABB1C0029A94C /* Debug */ = {
			isa = XCBuildConfiguration;
			buildSettings = {
				ALWAYS_SEARCH_USER_PATHS = NO;
				ARCHS = "$(ARCHS_STANDARD_INCLUDING_64_BIT)";
				CLANG_CXX_LANGUAGE_STANDARD = "gnu++0x";
				CLANG_CXX_LIBRARY = "libc++";
				CLANG_ENABLE_MODULES = YES;
				CLANG_ENABLE_OBJC_ARC = YES;
				CLANG_WARN_BOOL_CONVERSION = YES;
				CLANG_WARN_CONSTANT_CONVERSION = YES;
				CLANG_WARN_DIRECT_OBJC_ISA_USAGE = YES_ERROR;
				CLANG_WARN_EMPTY_BODY = YES;
				CLANG_WARN_ENUM_CONVERSION = YES;
				CLANG_WARN_INT_CONVERSION = YES;
				CLANG_WARN_OBJC_ROOT_CLASS = YES_ERROR;
				CLANG_WARN__DUPLICATE_METHOD_MATCH = YES;
				"CODE_SIGN_IDENTITY[sdk=iphoneos*]" = "iPhone Developer";
				COPY_PHASE_STRIP = NO;
				GCC_C_LANGUAGE_STANDARD = gnu99;
				GCC_DYNAMIC_NO_PIC = NO;
				GCC_OPTIMIZATION_LEVEL = 0;
				GCC_PREPROCESSOR_DEFINITIONS = (
					"DEBUG=1",
					"$(inherited)",
				);
				GCC_SYMBOLS_PRIVATE_EXTERN = NO;
				GCC_WARN_64_TO_32_BIT_CONVERSION = YES;
				GCC_WARN_ABOUT_RETURN_TYPE = YES_ERROR;
				GCC_WARN_UNDECLARED_SELECTOR = YES;
				GCC_WARN_UNINITIALIZED_AUTOS = YES;
				GCC_WARN_UNUSED_FUNCTION = YES;
				GCC_WARN_UNUSED_VARIABLE = YES;
				IPHONEOS_DEPLOYMENT_TARGET = 7.0;
				ONLY_ACTIVE_ARCH = YES;
				SDKROOT = iphoneos;
			};
			name = Debug;
		};
		B3655F35189ABB1C0029A94C /* Release */ = {
			isa = XCBuildConfiguration;
			buildSettings = {
				ALWAYS_SEARCH_USER_PATHS = NO;
				ARCHS = "$(ARCHS_STANDARD_INCLUDING_64_BIT)";
				CLANG_CXX_LANGUAGE_STANDARD = "gnu++0x";
				CLANG_CXX_LIBRARY = "libc++";
				CLANG_ENABLE_MODULES = YES;
				CLANG_ENABLE_OBJC_ARC = YES;
				CLANG_WARN_BOOL_CONVERSION = YES;
				CLANG_WARN_CONSTANT_CONVERSION = YES;
				CLANG_WARN_DIRECT_OBJC_ISA_USAGE = YES_ERROR;
				CLANG_WARN_EMPTY_BODY = YES;
				CLANG_WARN_ENUM_CONVERSION = YES;
				CLANG_WARN_INT_CONVERSION = YES;
				CLANG_WARN_OBJC_ROOT_CLASS = YES_ERROR;
				CLANG_WARN__DUPLICATE_METHOD_MATCH = YES;
				"CODE_SIGN_IDENTITY[sdk=iphoneos*]" = "iPhone Developer";
				COPY_PHASE_STRIP = YES;
				ENABLE_NS_ASSERTIONS = NO;
				GCC_C_LANGUAGE_STANDARD = gnu99;
				GCC_WARN_64_TO_32_BIT_CONVERSION = YES;
				GCC_WARN_ABOUT_RETURN_TYPE = YES_ERROR;
				GCC_WARN_UNDECLARED_SELECTOR = YES;
				GCC_WARN_UNINITIALIZED_AUTOS = YES;
				GCC_WARN_UNUSED_FUNCTION = YES;
				GCC_WARN_UNUSED_VARIABLE = YES;
				IPHONEOS_DEPLOYMENT_TARGET = 7.0;
				SDKROOT = iphoneos;
				VALIDATE_PRODUCT = YES;
			};
			name = Release;
		};
		B3655F37189ABB1C0029A94C /* Debug */ = {
			isa = XCBuildConfiguration;
			buildSettings = {
				ASSETCATALOG_COMPILER_APPICON_NAME = AppIcon;
				ASSETCATALOG_COMPILER_LAUNCHIMAGE_NAME = LaunchImage;
				GCC_PRECOMPILE_PREFIX_HEADER = YES;
				GCC_PREFIX_HEADER = "MariMediaAssignment/MariMediaAssignment-Prefix.pch";
				INFOPLIST_FILE = "MariMediaAssignment/MariMediaAssignment-Info.plist";
				PRODUCT_NAME = "$(TARGET_NAME)";
				WRAPPER_EXTENSION = app;
			};
			name = Debug;
		};
		B3655F38189ABB1C0029A94C /* Release */ = {
			isa = XCBuildConfiguration;
			buildSettings = {
				ASSETCATALOG_COMPILER_APPICON_NAME = AppIcon;
				ASSETCATALOG_COMPILER_LAUNCHIMAGE_NAME = LaunchImage;
				GCC_PRECOMPILE_PREFIX_HEADER = YES;
				GCC_PREFIX_HEADER = "MariMediaAssignment/MariMediaAssignment-Prefix.pch";
				INFOPLIST_FILE = "MariMediaAssignment/MariMediaAssignment-Info.plist";
				PRODUCT_NAME = "$(TARGET_NAME)";
				WRAPPER_EXTENSION = app;
			};
			name = Release;
		};
		B3655F3A189ABB1C0029A94C /* Debug */ = {
			isa = XCBuildConfiguration;
			buildSettings = {
				ARCHS = "$(ARCHS_STANDARD_INCLUDING_64_BIT)";
				BUNDLE_LOADER = "$(BUILT_PRODUCTS_DIR)/MariMediaAssignment.app/MariMediaAssignment";
				FRAMEWORK_SEARCH_PATHS = (
					"$(SDKROOT)/Developer/Library/Frameworks",
					"$(inherited)",
					"$(DEVELOPER_FRAMEWORKS_DIR)",
				);
				GCC_PRECOMPILE_PREFIX_HEADER = YES;
				GCC_PREFIX_HEADER = "MariMediaAssignment/MariMediaAssignment-Prefix.pch";
				GCC_PREPROCESSOR_DEFINITIONS = (
					"DEBUG=1",
					"$(inherited)",
				);
				INFOPLIST_FILE = "MariMediaAssignmentTests/MariMediaAssignmentTests-Info.plist";
				PRODUCT_NAME = "$(TARGET_NAME)";
				TEST_HOST = "$(BUNDLE_LOADER)";
				WRAPPER_EXTENSION = xctest;
			};
			name = Debug;
		};
		B3655F3B189ABB1C0029A94C /* Release */ = {
			isa = XCBuildConfiguration;
			buildSettings = {
				ARCHS = "$(ARCHS_STANDARD_INCLUDING_64_BIT)";
				BUNDLE_LOADER = "$(BUILT_PRODUCTS_DIR)/MariMediaAssignment.app/MariMediaAssignment";
				FRAMEWORK_SEARCH_PATHS = (
					"$(SDKROOT)/Developer/Library/Frameworks",
					"$(inherited)",
					"$(DEVELOPER_FRAMEWORKS_DIR)",
				);
				GCC_PRECOMPILE_PREFIX_HEADER = YES;
				GCC_PREFIX_HEADER = "MariMediaAssignment/MariMediaAssignment-Prefix.pch";
				INFOPLIST_FILE = "MariMediaAssignmentTests/MariMediaAssignmentTests-Info.plist";
				PRODUCT_NAME = "$(TARGET_NAME)";
				TEST_HOST = "$(BUNDLE_LOADER)";
				WRAPPER_EXTENSION = xctest;
			};
			name = Release;
		};
/* End XCBuildConfiguration section */

/* Begin XCConfigurationList section */
		B3655EFF189ABB1C0029A94C /* Build configuration list for PBXProject "MariMediaAssignment" */ = {
			isa = XCConfigurationList;
			buildConfigurations = (
				B3655F34189ABB1C0029A94C /* Debug */,
				B3655F35189ABB1C0029A94C /* Release */,
			);
			defaultConfigurationIsVisible = 0;
			defaultConfigurationName = Release;
		};
		B3655F36189ABB1C0029A94C /* Build configuration list for PBXNativeTarget "MariMediaAssignment" */ = {
			isa = XCConfigurationList;
			buildConfigurations = (
				B3655F37189ABB1C0029A94C /* Debug */,
				B3655F38189ABB1C0029A94C /* Release */,
			);
			defaultConfigurationIsVisible = 0;
		};
		B3655F39189ABB1C0029A94C /* Build configuration list for PBXNativeTarget "MariMediaAssignmentTests" */ = {
			isa = XCConfigurationList;
			buildConfigurations = (
				B3655F3A189ABB1C0029A94C /* Debug */,
				B3655F3B189ABB1C0029A94C /* Release */,
			);
			defaultConfigurationIsVisible = 0;
		};
/* End XCConfigurationList section */

/* Begin XCVersionGroup section */
		B3655F72189ACE3E0029A94C /* TaskModel.xcdatamodeld */ = {
			isa = XCVersionGroup;
			children = (
				B3655F73189ACE3E0029A94C /* TaskModel.xcdatamodel */,
			);
			currentVersion = B3655F73189ACE3E0029A94C /* TaskModel.xcdatamodel */;
			path = TaskModel.xcdatamodeld;
			sourceTree = "<group>";
			versionGroupType = wrapper.xcdatamodel;
		};
/* End XCVersionGroup section */
	};
	rootObject = B3655EFC189ABB1C0029A94C /* Project object */;
}
